
Microsoft Visual Studio Solution File, Format Version 12.00
# Visual Studio 15
VisualStudioVersion = 15.0.28307.572
MinimumVisualStudioVersion = 10.0.40219.1
Project("{9A19103F-16F7-4668-BE54-9A1E7A4F7556}") = "Docs", "Docs\Docs.csproj", "{5077F995-1BCA-42B8-A096-7F80BD18BCE6}"
EndProject
Project("{FAE04EC0-301F-11D3-BF4B-00C04F79EFBC}") = "Docs.Tests", "Docs.Tests\Docs.Tests.csproj", "{C3C24C48-45ED-479A-A355-4CAF9F0100B9}"
EndProject
Global
	GlobalSection(SolutionConfigurationPlatforms) = preSolution
		Debug|Any CPU = Debug|Any CPU
		Release|Any CPU = Release|Any CPU
	EndGlobalSection
	GlobalSection(ProjectConfigurationPlatforms) = postSolution
		{5077F995-1BCA-42B8-A096-7F80BD18BCE6}.Debug|Any CPU.ActiveCfg = Debug|Any CPU
		{5077F995-1BCA-42B8-A096-7F80BD18BCE6}.Debug|Any CPU.Build.0 = Debug|Any CPU
		{5077F995-1BCA-42B8-A096-7F80BD18BCE6}.Release|Any CPU.ActiveCfg = Release|Any CPU
		{5077F995-1BCA-42B8-A096-7F80BD18BCE6}.Release|Any CPU.Build.0 = Release|Any CPU
		{C3C24C48-45ED-479A-A355-4CAF9F0100B9}.Debug|Any CPU.ActiveCfg = Debug|Any CPU
		{C3C24C48-45ED-479A-A355-4CAF9F0100B9}.Debug|Any CPU.Build.0 = Debug|Any CPU
		{C3C24C48-45ED-479A-A355-4CAF9F0100B9}.Release|Any CPU.ActiveCfg = Release|Any CPU
		{C3C24C48-45ED-479A-A355-4CAF9F0100B9}.Release|Any CPU.Build.0 = Release|Any CPU
	EndGlobalSection
	GlobalSection(SolutionProperties) = preSolution
		HideSolutionNode = FALSE
	EndGlobalSection
	GlobalSection(ExtensibilityGlobals) = postSolution
		SolutionGuid = {02BA020A-00A0-4F42-9726-83A5BED83067}
	EndGlobalSection
EndGlobal
